
Microsoft Visual Studio Solution File, Format Version 12.00
# Visual Studio Version 17
VisualStudioVersion = 17.3.32819.101
MinimumVisualStudioVersion = 10.0.40219.1
Project("{FAE04EC0-301F-11D3-BF4B-00C04F79EFBC}") = "MyDictionary", "MyDictionary\MyDictionary.csproj", "{DD645C53-F09A-40B3-8E01-59F96813FD04}"
EndProject
Global
	GlobalSection(SolutionConfigurationPlatforms) = preSolution
		Debug|Any CPU = Debug|Any CPU
		Release|Any CPU = Release|Any CPU
	EndGlobalSection
	GlobalSection(ProjectConfigurationPlatforms) = postSolution
		{DD645C53-F09A-40B3-8E01-59F96813FD04}.Debug|Any CPU.ActiveCfg = Debug|Any CPU
		{DD645C53-F09A-40B3-8E01-59F96813FD04}.Debug|Any CPU.Build.0 = Debug|Any CPU
		{DD645C53-F09A-40B3-8E01-59F96813FD04}.Release|Any CPU.ActiveCfg = Release|Any CPU
		{DD645C53-F09A-40B3-8E01-59F96813FD04}.Release|Any CPU.Build.0 = Release|Any CPU
	EndGlobalSection
	GlobalSection(SolutionProperties) = preSolution
		HideSolutionNode = FALSE
	EndGlobalSection
	GlobalSection(ExtensibilityGlobals) = postSolution
		SolutionGuid = {40F7600C-E6E4-4DDD-B22B-650FCBD174DF}
	EndGlobalSection
EndGlobal
